<?xml version="1.0" encoding="utf-8"?>
<Project ToolsVersion="4.0" xmlns="http://schemas.microsoft.com/developer/msbuild/2003">
  <ItemGroup>
    <Filter Include="Resource Files">
      <UniqueIdentifier>{D9D6E242-F8AF-46E4-B9FD-80ECBC20BA3E}</UniqueIdentifier>
      <Extensions>qrc;*</Extensions>
      <ParseFiles>false</ParseFiles>
    </Filter>
    <Filter Include="Generated Files">
      <UniqueIdentifier>{71ED8ED8-ACB9-4CE9-BBE1-E00B30144E11}</UniqueIdentifier>
      <Extensions>moc;h;cpp</Extensions>
      <SourceControlFiles>False</SourceControlFiles>
    </Filter>
    <Filter Include="Generated Files\Debug">
      <UniqueIdentifier>{8136be58-daff-444e-bb6d-d8f6e9c3fc66}</UniqueIdentifier>
      <Extensions>cpp;moc</Extensions>
      <SourceControlFiles>False</SourceControlFiles>
    </Filter>
    <Filter Include="Generated Files\Release">
      <UniqueIdentifier>{10b07fe3-9182-4aec-85cf-c23b88b37637}</UniqueIdentifier>
      <Extensions>cpp;moc</Extensions>
      <SourceControlFiles>False</SourceControlFiles>
    </Filter>
    <Filter Include="Common">
      <UniqueIdentifier>{a709ed22-9f2b-4b2a-8d52-710a368e991c}</UniqueIdentifier>
    </Filter>
    <Filter Include="ModelExplorerWidget">
      <UniqueIdentifier>{e1085197-299c-4b85-8add-bdb847e9a682}</UniqueIdentifier>
    </Filter>
    <Filter Include="ModelExplorerWidget\PropertyView">
      <UniqueIdentifier>{b884a6a0-17e5-48c6-96cb-e3bf40c39f59}</UniqueIdentifier>
    </Filter>
    <Filter Include="ModelExplorerWidget\TreeView">
      <UniqueIdentifier>{e8fe9004-40cf-4f54-8c9f-04b448ebf0c7}</UniqueIdentifier>
    </Filter>
    <Filter Include="PluginButtons">
      <UniqueIdentifier>{80e5e6ba-10b6-4a2c-8d0e-2fd091d2d476}</UniqueIdentifier>
    </Filter>
    <Filter Include="RengaEvents">
      <UniqueIdentifier>{ec60d0a6-310c-4a21-9bee-70cf5e194e4a}</UniqueIdentifier>
    </Filter>
    <Filter Include="ModelExplorerWidget\PropertyView\ModelObjectBuilders">
      <UniqueIdentifier>{019d140b-17a8-4ff9-95ff-d9ec492debb9}</UniqueIdentifier>
    </Filter>
    <Filter Include="ModelExplorerWidget\PropertyView\PropertyViewSourceObjects">
      <UniqueIdentifier>{7603b7c2-6b78-464b-8b98-38fce7f60dc0}</UniqueIdentifier>
    </Filter>
  </ItemGroup>
  <ItemGroup>
    <ClCompile Include="GeneratedFiles\Debug\moc_ModelExplorerWidget.cpp">
      <Filter>Generated Files\Debug</Filter>
    </ClCompile>
    <ClCompile Include="GeneratedFiles\Release\moc_ModelExplorerWidget.cpp">
      <Filter>Generated Files\Release</Filter>
    </ClCompile>
    <ClCompile Include="GeneratedFiles\qrc_resource.cpp">
      <Filter>Generated Files</Filter>
    </ClCompile>
    <ClCompile Include="ModelExplorerPlugin.cpp" />
    <ClCompile Include="ModelExplorerWidget.cpp">
      <Filter>ModelExplorerWidget</Filter>
    </ClCompile>
    <ClCompile Include="GeneratedFiles\Debug\moc_RengaEventsHandler.cpp">
      <Filter>Generated Files\Debug</Filter>
    </ClCompile>
    <ClCompile Include="GeneratedFiles\Release\moc_RengaEventsHandler.cpp">
      <Filter>Generated Files\Release</Filter>
    </ClCompile>
    <ClCompile Include="GeneratedFiles\Debug\moc_ModelExplorerPlugin.cpp">
      <Filter>Generated Files\Debug</Filter>
    </ClCompile>
    <ClCompile Include="GeneratedFiles\Release\moc_ModelExplorerPlugin.cpp">
      <Filter>Generated Files\Release</Filter>
    </ClCompile>
    <ClCompile Include="main.cpp" />
    <ClCompile Include="GeneratedFiles\Debug\moc_ModelExplorerButtonHandler.cpp">
      <Filter>Generated Files\Debug</Filter>
    </ClCompile>
    <ClCompile Include="GeneratedFiles\Release\moc_ModelExplorerButtonHandler.cpp">
      <Filter>Generated Files\Release</Filter>
    </ClCompile>
    <ClCompile Include="GeneratedFiles\Debug\moc_PluginToolButtons.cpp">
      <Filter>Generated Files\Debug</Filter>
    </ClCompile>
    <ClCompile Include="GeneratedFiles\Release\moc_PluginToolButtons.cpp">
      <Filter>Generated Files\Release</Filter>
    </ClCompile>
    <ClCompile Include="GeneratedFiles\Debug\moc_ObjectSelectionHandler.cpp">
      <Filter>Generated Files\Debug</Filter>
    </ClCompile>
    <ClCompile Include="GeneratedFiles\Release\moc_ObjectSelectionHandler.cpp">
      <Filter>Generated Files\Release</Filter>
    </ClCompile>
    <ClCompile Include="ObjectSelectionHandler.cpp">
      <Filter>ModelExplorerWidget\TreeView</Filter>
    </ClCompile>
    <ClCompile Include="PluginToolButtons.cpp">
      <Filter>PluginButtons</Filter>
    </ClCompile>
    <ClCompile Include="ModelExplorerButtonHandler.cpp">
      <Filter>PluginButtons</Filter>
    </ClCompile>
    <ClCompile Include="RengaEventsHandler.cpp">
      <Filter>RengaEvents</Filter>
    </ClCompile>
    <ClCompile Include="stdafx.cpp" />
    <ClCompile Include="BoolGuard.cpp">
      <Filter>Common</Filter>
    </ClCompile>
    <ClCompile Include="PropertyManagers.cpp">
      <Filter>ModelExplorerWidget\PropertyView</Filter>
    </ClCompile>
    <ClCompile Include="LevelPropertyViewBuilder.cpp">
      <Filter>ModelExplorerWidget\PropertyView\ModelObjectBuilders</Filter>
    </ClCompile>
    <ClCompile Include="RoomPropertyViewBuilder.cpp">
      <Filter>ModelExplorerWidget\PropertyView\ModelObjectBuilders</Filter>
    </ClCompile>
    <ClCompile Include="GuidUtils.cpp">
      <Filter>Common</Filter>
    </ClCompile>
    <ClCompile Include="TreeViewModelBuilder.cpp">
      <Filter>ModelExplorerWidget\TreeView</Filter>
    </ClCompile>
    <ClCompile Include="MaterialLayerPropertyViewBuilder.cpp">
      <Filter>ModelExplorerWidget\PropertyView</Filter>
    </ClCompile>
    <ClCompile Include="RebarUsagePropertyViewBuilder.cpp">
      <Filter>ModelExplorerWidget\PropertyView</Filter>
    </ClCompile>
    <ClCompile Include="ReinforcementUnitUsagePropertyViewBuilder.cpp">
      <Filter>ModelExplorerWidget\PropertyView</Filter>
    </ClCompile>
    <ClCompile Include="PropertyView.cpp">
      <Filter>ModelExplorerWidget\PropertyView</Filter>
    </ClCompile>
    <ClCompile Include="GeneratedFiles\Debug\moc_PropertyView.cpp">
      <Filter>Generated Files\Debug</Filter>
    </ClCompile>
    <ClCompile Include="GeneratedFiles\Release\moc_PropertyView.cpp">
      <Filter>Generated Files\Release</Filter>
    </ClCompile>
    <ClCompile Include="PropertyViewBuilder.cpp">
      <Filter>ModelExplorerWidget\PropertyView</Filter>
    </ClCompile>
    <ClCompile Include="PropertyViewModelObjectSource.cpp">
      <Filter>ModelExplorerWidget\PropertyView\PropertyViewSourceObjects</Filter>
    </ClCompile>
    <ClCompile Include="PropertyViewMaterialLayerSource.cpp">
      <Filter>ModelExplorerWidget\PropertyView\PropertyViewSourceObjects</Filter>
    </ClCompile>
    <ClCompile Include="PropertyViewReinforcementUnitUsageSource.cpp">
      <Filter>ModelExplorerWidget\PropertyView\PropertyViewSourceObjects</Filter>
    </ClCompile>
    <ClCompile Include="PropertyViewRebarUsageSource.cpp">
      <Filter>ModelExplorerWidget\PropertyView\PropertyViewSourceObjects</Filter>
    </ClCompile>
    <ClCompile Include="TreeViewUtils.cpp">
      <Filter>Generated Files</Filter>
    </ClCompile>
  </ItemGroup>
  <ItemGroup>
    <ClInclude Include="GeneratedFiles\ui_ModelExplorer.h">
      <Filter>Generated Files</Filter>
    </ClInclude>
    <ClInclude Include="PropertyManagers.h">
      <Filter>ModelExplorerWidget\PropertyView</Filter>
    </ClInclude>
    <ClInclude Include="stdafx.h" />
    <ClInclude Include="RengaObjectVisibility.h">
      <Filter>ModelExplorerWidget\TreeView</Filter>
    </ClInclude>
    <ClInclude Include="BoolGuard.h">
      <Filter>Common</Filter>
    </ClInclude>
    <ClInclude Include="LevelPropertyViewBuilder.h">
      <Filter>ModelExplorerWidget\PropertyView\ModelObjectBuilders</Filter>
    </ClInclude>
    <ClInclude Include="RoomPropertyViewBuilder.h">
      <Filter>ModelExplorerWidget\PropertyView\ModelObjectBuilders</Filter>
    </ClInclude>
    <ClInclude Include="GuidUtils.h">
      <Filter>Common</Filter>
    </ClInclude>
    <ClInclude Include="TreeViewModelBuilder.h">
      <Filter>ModelExplorerWidget\TreeView</Filter>
    </ClInclude>
    <ClInclude Include="MaterialLayerPropertyViewBuilder.h">
      <Filter>ModelExplorerWidget\PropertyView</Filter>
    </ClInclude>
    <ClInclude Include="RebarUsagePropertyViewBuilder.h">
      <Filter>ModelExplorerWidget\PropertyView</Filter>
    </ClInclude>
    <ClInclude Include="ReinforcementUnitUsagePropertyViewBuilder.h">
      <Filter>ModelExplorerWidget\PropertyView</Filter>
    </ClInclude>
    <ClInclude Include="PropertyViewBuilder.h">
      <Filter>ModelExplorerWidget\PropertyView</Filter>
    </ClInclude>
    <ClInclude Include="IPropertyViewSourceObject.h">
      <Filter>ModelExplorerWidget\PropertyView</Filter>
    </ClInclude>
    <ClInclude Include="PropertyViewModelObjectSource.h">
      <Filter>ModelExplorerWidget\PropertyView\PropertyViewSourceObjects</Filter>
    </ClInclude>
    <ClInclude Include="PropertyViewMaterialLayerSource.h">
      <Filter>ModelExplorerWidget\PropertyView\PropertyViewSourceObjects</Filter>
    </ClInclude>
    <ClInclude Include="PropertyViewRebarUsageSource.h">
      <Filter>ModelExplorerWidget\PropertyView\PropertyViewSourceObjects</Filter>
    </ClInclude>
    <ClInclude Include="PropertyViewReinforcementUnitUsageSource.h">
      <Filter>ModelExplorerWidget\PropertyView\PropertyViewSourceObjects</Filter>
    </ClInclude>
    <ClInclude Include="IPropertyViewBuilder.h">
      <Filter>ModelExplorerWidget\PropertyView</Filter>
    </ClInclude>
    <ClInclude Include="TreeViewItemRole.h">
      <Filter>Generated Files</Filter>
    </ClInclude>
    <ClInclude Include="TreeViewItemType.h">
      <Filter>Generated Files</Filter>
    </ClInclude>
    <ClInclude Include="TreeViewUtils.h">
      <Filter>Generated Files</Filter>
    </ClInclude>
    <ClInclude Include="PropertyList.h">
      <Filter>Generated Files</Filter>
    </ClInclude>
  </ItemGroup>
  <ItemGroup>
    <CustomBuild Include="Resources\ui\ModelExplorer.ui">
      <Filter>Resource Files</Filter>
    </CustomBuild>
    <CustomBuild Include="Resources\resource.qrc">
      <Filter>Resource Files</Filter>
    </CustomBuild>
    <CustomBuild Include="ModelExplorerWidget.h">
      <Filter>ModelExplorerWidget</Filter>
    </CustomBuild>
    <CustomBuild Include="ModelExplorerPlugin.h" />
    <CustomBuild Include="ObjectSelectionHandler.h">
      <Filter>ModelExplorerWidget\TreeView</Filter>
    </CustomBuild>
    <CustomBuild Include="PluginToolButtons.h">
      <Filter>PluginButtons</Filter>
    </CustomBuild>
    <CustomBuild Include="ModelExplorerButtonHandler.h">
      <Filter>PluginButtons</Filter>
    </CustomBuild>
    <CustomBuild Include="RengaEventsHandler.h">
      <Filter>RengaEvents</Filter>
    </CustomBuild>
    <CustomBuild Include="PropertyView.h">
      <Filter>ModelExplorerWidget\PropertyView</Filter>
    </CustomBuild>
  </ItemGroup>
  <ItemGroup>
    <None Include="Resources\styles\mainFormStyle.qss">
      <Filter>Resource Files</Filter>
    </None>
  </ItemGroup>
</Project>